// !$*UTF8*$!
{
	archiveVersion = 1;
	classes = {
	};
	objectVersion = 55;
	objects = {

/* Begin PBXBuildFile section */
		2799EA3D27162BF8000E7743 /* AppDelegate.swift in Sources */ = {isa = PBXBuildFile; fileRef = 2799EA3C27162BF8000E7743 /* AppDelegate.swift */; };
		2799EA3F27162BF8000E7743 /* SceneDelegate.swift in Sources */ = {isa = PBXBuildFile; fileRef = 2799EA3E27162BF8000E7743 /* SceneDelegate.swift */; };
		2799EA4127162BF8000E7743 /* ViewController.swift in Sources */ = {isa = PBXBuildFile; fileRef = 2799EA4027162BF8000E7743 /* ViewController.swift */; };
		2799EA4427162BF8000E7743 /* Main.storyboard in Resources */ = {isa = PBXBuildFile; fileRef = 2799EA4227162BF8000E7743 /* Main.storyboard */; };
		2799EA4627162BFB000E7743 /* Assets.xcassets in Resources */ = {isa = PBXBuildFile; fileRef = 2799EA4527162BFB000E7743 /* Assets.xcassets */; };
		2799EA4927162BFB000E7743 /* LaunchScreen.storyboard in Resources */ = {isa = PBXBuildFile; fileRef = 2799EA4727162BFB000E7743 /* LaunchScreen.storyboard */; };
		2799EA5127162FD9000E7743 /* Adivino.swift in Sources */ = {isa = PBXBuildFile; fileRef = 2799EA5027162FD9000E7743 /* Adivino.swift */; };
/* End PBXBuildFile section */

/* Begin PBXFileReference section */
		2799EA3927162BF8000E7743 /* UAdivino.app */ = {isa = PBXFileReference; explicitFileType = wrapper.application; includeInIndex = 0; path = UAdivino.app; sourceTree = BUILT_PRODUCTS_DIR; };
		2799EA3C27162BF8000E7743 /* AppDelegate.swift */ = {isa = PBXFileReference; lastKnownFileType = sourcecode.swift; path = AppDelegate.swift; sourceTree = "<group>"; };
		2799EA3E27162BF8000E7743 /* SceneDelegate.swift */ = {isa = PBXFileReference; lastKnownFileType = sourcecode.swift; path = SceneDelegate.swift; sourceTree = "<group>"; };
		2799EA4027162BF8000E7743 /* ViewController.swift */ = {isa = PBXFileReference; lastKnownFileType = sourcecode.swift; path = ViewController.swift; sourceTree = "<group>"; };
		2799EA4327162BF8000E7743 /* Base */ = {isa = PBXFileReference; lastKnownFileType = file.storyboard; name = Base; path = Base.lproj/Main.storyboard; sourceTree = "<group>"; };
		2799EA4527162BFB000E7743 /* Assets.xcassets */ = {isa = PBXFileReference; lastKnownFileType = folder.assetcatalog; path = Assets.xcassets; sourceTree = "<group>"; };
		2799EA4827162BFB000E7743 /* Base */ = {isa = PBXFileReference; lastKnownFileType = file.storyboard; name = Base; path = Base.lproj/LaunchScreen.storyboard; sourceTree = "<group>"; };
		2799EA4A27162BFB000E7743 /* Info.plist */ = {isa = PBXFileReference; lastKnownFileType = text.plist.xml; path = Info.plist; sourceTree = "<group>"; };
		2799EA5027162FD9000E7743 /* Adivino.swift */ = {isa = PBXFileReference; lastKnownFileType = sourcecode.swift; path = Adivino.swift; sourceTree = "<group>"; };
/* End PBXFileReference section */

/* Begin PBXFrameworksBuildPhase section */
		2799EA3627162BF8000E7743 /* Frameworks */ = {
			isa = PBXFrameworksBuildPhase;
			buildActionMask = 2147483647;
			files = (
			);
			runOnlyForDeploymentPostprocessing = 0;
		};
/* End PBXFrameworksBuildPhase section */

/* Begin PBXGroup section */
		2799EA3027162BF8000E7743 = {
			isa = PBXGroup;
			children = (
				2799EA3B27162BF8000E7743 /* UAdivino */,
				2799EA3A27162BF8000E7743 /* Products */,
			);
			sourceTree = "<group>";
		};
		2799EA3A27162BF8000E7743 /* Products */ = {
			isa = PBXGroup;
			children = (
				2799EA3927162BF8000E7743 /* UAdivino.app */,
			);
			name = Products;
			sourceTree = "<group>";
		};
		2799EA3B27162BF8000E7743 /* UAdivino */ = {
			isa = PBXGroup;
			children = (
				2799EA3C27162BF8000E7743 /* AppDelegate.swift */,
				2799EA3E27162BF8000E7743 /* SceneDelegate.swift */,
				2799EA4027162BF8000E7743 /* ViewController.swift */,
				2799EA4227162BF8000E7743 /* Main.storyboard */,
				2799EA4527162BFB000E7743 /* Assets.xcassets */,
				2799EA4727162BFB000E7743 /* LaunchScreen.storyboard */,
				2799EA4A27162BFB000E7743 /* Info.plist */,
				2799EA5027162FD9000E7743 /* Adivino.swift */,
			);
			path = UAdivino;
			sourceTree = "<group>";
		};
/* End PBXGroup section */

/* Begin PBXNativeTarget section */
		2799EA3827162BF8000E7743 /* UAdivino */ = {
			isa = PBXNativeTarget;
			buildConfigurationList = 2799EA4D27162BFB000E7743 /* Build configuration list for PBXNativeTarget "UAdivino" */;
			buildPhases = (
				2799EA3527162BF8000E7743 /* Sources */,
				2799EA3627162BF8000E7743 /* Frameworks */,
				2799EA3727162BF8000E7743 /* Resources */,
			);
			buildRules = (
			);
			dependencies = (
			);
			name = UAdivino;
			productName = UAdivino;
			productReference = 2799EA3927162BF8000E7743 /* UAdivino.app */;
			productType = "com.apple.product-type.application";
		};
/* End PBXNativeTarget section */

/* Begin PBXProject section */
		2799EA3127162BF8000E7743 /* Project object */ = {
			isa = PBXProject;
			attributes = {
				BuildIndependentTargetsInParallel = 1;
				LastSwiftUpdateCheck = 1300;
				LastUpgradeCheck = 1300;
				TargetAttributes = {
					2799EA3827162BF8000E7743 = {
						CreatedOnToolsVersion = 13.0;
					};
				};
			};
			buildConfigurationList = 2799EA3427162BF8000E7743 /* Build configuration list for PBXProject "UAdivino" */;
			compatibilityVersion = "Xcode 13.0";
			developmentRegion = en;
			hasScannedForEncodings = 0;
			knownRegions = (
				en,
				Base,
			);
			mainGroup = 2799EA3027162BF8000E7743;
			productRefGroup = 2799EA3A27162BF8000E7743 /* Products */;
			projectDirPath = "";
			projectRoot = "";
			targets = (
				2799EA3827162BF8000E7743 /* UAdivino */,
			);
		};
/* End PBXProject section */

/* Begin PBXResourcesBuildPhase section */
		2799EA3727162BF8000E7743 /* Resources */ = {
			isa = PBXResourcesBuildPhase;
			buildActionMask = 2147483647;
			files = (
				2799EA4927162BFB000E7743 /* LaunchScreen.storyboard in Resources */,
				2799EA4627162BFB000E7743 /* Assets.xcassets in Resources */,
				2799EA4427162BF8000E7743 /* Main.storyboard in Resources */,
			);
			runOnlyForDeploymentPostprocessing = 0;
		};
/* End PBXResourcesBuildPhase section */

/* Begin PBXSourcesBuildPhase section */
		2799EA3527162BF8000E7743 /* Sources */ = {
			isa = PBXSourcesBuildPhase;
			buildActionMask = 2147483647;
			files = (
				2799EA4127162BF8000E7743 /* ViewController.swift in Sources */,
				2799EA3D27162BF8000E7743 /* AppDelegate.swift in Sources */,
				2799EA5127162FD9000E7743 /* Adivino.swift in Sources */,
				2799EA3F27162BF8000E7743 /* SceneDelegate.swift in Sources */,
			);
			runOnlyForDeploymentPostprocessing = 0;
		};
/* End PBXSourcesBuildPhase section */

/* Begin PBXVariantGroup section */
		2799EA4227162BF8000E7743 /* Main.storyboard */ = {
			isa = PBXVariantGroup;
			children = (
				2799EA4327162BF8000E7743 /* Base */,
			);
			name = Main.storyboard;
			sourceTree = "<group>";
		};
		2799EA4727162BFB000E7743 /* LaunchScreen.storyboard */ = {
			isa = PBXVariantGroup;
			children = (
				2799EA4827162BFB000E7743 /* Base */,
			);
			name = LaunchScreen.storyboard;
			sourceTree = "<group>";
		};
/* End PBXVariantGroup section */

/* Begin XCBuildConfiguration section */
		2799EA4B27162BFB000E7743 /* Debug */ = {
			isa = XCBuildConfiguration;
			buildSettings = {
				ALWAYS_SEARCH_USER_PATHS = NO;
				CLANG_ANALYZER_NONNULL = YES;
				CLANG_ANALYZER_NUMBER_OBJECT_CONVERSION = YES_AGGRESSIVE;
				CLANG_CXX_LANGUAGE_STANDARD = "gnu++17";
				CLANG_CXX_LIBRARY = "libc++";
				CLANG_ENABLE_MODULES = YES;
				CLANG_ENABLE_OBJC_ARC = YES;
				CLANG_ENABLE_OBJC_WEAK = YES;
				CLANG_WARN_BLOCK_CAPTURE_AUTORELEASING = YES;
				CLANG_WARN_BOOL_CONVERSION = YES;
				CLANG_WARN_COMMA = YES;
				CLANG_WARN_CONSTANT_CONVERSION = YES;
				CLANG_WARN_DEPRECATED_OBJC_IMPLEMENTATIONS = YES;
				CLANG_WARN_DIRECT_OBJC_ISA_USAGE = YES_ERROR;
				CLANG_WARN_DOCUMENTATION_COMMENTS = YES;
				CLANG_WARN_EMPTY_BODY = YES;
				CLANG_WARN_ENUM_CONVERSION = YES;
				CLANG_WARN_INFINITE_RECURSION = YES;
				CLANG_WARN_INT_CONVERSION = YES;
				CLANG_WARN_NON_LITERAL_NULL_CONVERSION = YES;
				CLANG_WARN_OBJC_IMPLICIT_RETAIN_SELF = YES;
				CLANG_WARN_OBJC_LITERAL_CONVERSION = YES;
				CLANG_WARN_OBJC_ROOT_CLASS = YES_ERROR;
				CLANG_WARN_QUOTED_INCLUDE_IN_FRAMEWORK_HEADER = YES;
				CLANG_WARN_RANGE_LOOP_ANALYSIS = YES;
				CLANG_WARN_STRICT_PROTOTYPES = YES;
				CLANG_WARN_SUSPICIOUS_MOVE = YES;
				CLANG_WARN_UNGUARDED_AVAILABILITY = YES_AGGRESSIVE;
				CLANG_WARN_UNREACHABLE_CODE = YES;
				CLANG_WARN__DUPLICATE_METHOD_MATCH = YES;
				COPY_PHASE_STRIP = NO;
				DEBUG_INFORMATION_FORMAT = dwarf;
				ENABLE_STRICT_OBJC_MSGSEND = YES;
				ENABLE_TESTABILITY = YES;
				GCC_C_LANGUAGE_STANDARD = gnu11;
				GCC_DYNAMIC_NO_PIC = NO;
				GCC_NO_COMMON_BLOCKS = YES;
				GCC_OPTIMIZATION_LEVEL = 0;
				GCC_PREPROCESSOR_DEFINITIONS = (
					"DEBUG=1",
					"$(inherited)",
				);
				GCC_WARN_64_TO_32_BIT_CONVERSION = YES;
				GCC_WARN_ABOUT_RETURN_TYPE = YES_ERROR;
				GCC_WARN_UNDECLARED_SELECTOR = YES;
				GCC_WARN_UNINITIALIZED_AUTOS = YES_AGGRESSIVE;
				GCC_WARN_UNUSED_FUNCTION = YES;
				GCC_WARN_UNUSED_VARIABLE = YES;
				IPHONEOS_DEPLOYMENT_TARGET = 15.0;
				MTL_ENABLE_DEBUG_INFO = INCLUDE_SOURCE;
				MTL_FAST_MATH = YES;
				ONLY_ACTIVE_ARCH = YES;
				SDKROOT = iphoneos;
				SWIFT_ACTIVE_COMPILATION_CONDITIONS = DEBUG;
				SWIFT_OPTIMIZATION_LEVEL = "-Onone";
			};
			name = Debug;
		};
		2799EA4C27162BFB000E7743 /* Release */ = {
			isa = XCBuildConfiguration;
			buildSettings = {
				ALWAYS_SEARCH_USER_PATHS = NO;
				CLANG_ANALYZER_NONNULL = YES;
				CLANG_ANALYZER_NUMBER_OBJECT_CONVERSION = YES_AGGRESSIVE;
				CLANG_CXX_LANGUAGE_STANDARD = "gnu++17";
				CLANG_CXX_LIBRARY = "libc++";
				CLANG_ENABLE_MODULES = YES;
				CLANG_ENABLE_OBJC_ARC = YES;
				CLANG_ENABLE_OBJC_WEAK = YES;
				CLANG_WARN_BLOCK_CAPTURE_AUTORELEASING = YES;
				CLANG_WARN_BOOL_CONVERSION = YES;
				CLANG_WARN_COMMA = YES;
				CLANG_WARN_CONSTANT_CONVERSION = YES;
				CLANG_WARN_DEPRECATED_OBJC_IMPLEMENTATIONS = YES;
				CLANG_WARN_DIRECT_OBJC_ISA_USAGE = YES_ERROR;
				CLANG_WARN_DOCUMENTATION_COMMENTS = YES;
				CLANG_WARN_EMPTY_BODY = YES;
				CLANG_WARN_ENUM_CONVERSION = YES;
				CLANG_WARN_INFINITE_RECURSION = YES;
				CLANG_WARN_INT_CONVERSION = YES;
				CLANG_WARN_NON_LITERAL_NULL_CONVERSION = YES;
				CLANG_WARN_OBJC_IMPLICIT_RETAIN_SELF = YES;
				CLANG_WARN_OBJC_LITERAL_CONVERSION = YES;
				CLANG_WARN_OBJC_ROOT_CLASS = YES_ERROR;
				CLANG_WARN_QUOTED_INCLUDE_IN_FRAMEWORK_HEADER = YES;
				CLANG_WARN_RANGE_LOOP_ANALYSIS = YES;
				CLANG_WARN_STRICT_PROTOTYPES = YES;
				CLANG_WARN_SUSPICIOUS_MOVE = YES;
				CLANG_WARN_UNGUARDED_AVAILABILITY = YES_AGGRESSIVE;
				CLANG_WARN_UNREACHABLE_CODE = YES;
				CLANG_WARN__DUPLICATE_METHOD_MATCH = YES;
				COPY_PHASE_STRIP = NO;
				DEBUG_INFORMATION_FORMAT = "dwarf-with-dsym";
				ENABLE_NS_ASSERTIONS = NO;
				ENABLE_STRICT_OBJC_MSGSEND = YES;
				GCC_C_LANGUAGE_STANDARD = gnu11;
				GCC_NO_COMMON_BLOCKS = YES;
				GCC_WARN_64_TO_32_BIT_CONVERSION = YES;
				GCC_WARN_ABOUT_RETURN_TYPE = YES_ERROR;
				GCC_WARN_UNDECLARED_SELECTOR = YES;
				GCC_WARN_UNINITIALIZED_AUTOS = YES_AGGRESSIVE;
				GCC_WARN_UNUSED_FUNCTION = YES;
				GCC_WARN_UNUSED_VARIABLE = YES;
				IPHONEOS_DEPLOYMENT_TARGET = 15.0;
				MTL_ENABLE_DEBUG_INFO = NO;
				MTL_FAST_MATH = YES;
				SDKROOT = iphoneos;
				SWIFT_COMPILATION_MODE = wholemodule;
				SWIFT_OPTIMIZATION_LEVEL = "-O";
				VALIDATE_PRODUCT = YES;
			};
			name = Release;
		};
		2799EA4E27162BFB000E7743 /* Debug */ = {
			isa = XCBuildConfiguration;
			buildSettings = {
				ASSETCATALOG_COMPILER_APPICON_NAME = AppIcon;
				ASSETCATALOG_COMPILER_GLOBAL_ACCENT_COLOR_NAME = AccentColor;
				CODE_SIGN_STYLE = Automatic;
				CURRENT_PROJECT_VERSION = 1;
				DEVELOPMENT_TEAM = 3S952AGH46;
				GENERATE_INFOPLIST_FILE = YES;
				INFOPLIST_FILE = UAdivino/Info.plist;
				INFOPLIST_KEY_UIApplicationSupportsIndirectInputEvents = YES;
				INFOPLIST_KEY_UILaunchStoryboardName = LaunchScreen;
				INFOPLIST_KEY_UIMainStoryboardFile = Main;
				INFOPLIST_KEY_UISupportedInterfaceOrientations_iPad = "UIInterfaceOrientationPortrait UIInterfaceOrientationPortraitUpsideDown UIInterfaceOrientationLandscapeLeft UIInterfaceOrientationLandscapeRight";
				INFOPLIST_KEY_UISupportedInterfaceOrientations_iPhone = "UIInterfaceOrientationPortrait UIInterfaceOrientationLandscapeLeft UIInterfaceOrientationLandscapeRight";
				LD_RUNPATH_SEARCH_PATHS = (
					"$(inherited)",
					"@executable_path/Frameworks",
				);
				MARKETING_VERSION = 1.0;
				PRODUCT_BUNDLE_IDENTIFIER = UA.UAdivino;
				PRODUCT_NAME = "$(TARGET_NAME)";
				SWIFT_EMIT_LOC_STRINGS = YES;
				SWIFT_VERSION = 5.0;
				TARGETED_DEVICE_FAMILY = "1,2";
			};
			name = Debug;
		};
		2799EA4F27162BFB000E7743 /* Release */ = {
			isa = XCBuildConfiguration;
			buildSettings = {
				ASSETCATALOG_COMPILER_APPICON_NAME = AppIcon;
				ASSETCATALOG_COMPILER_GLOBAL_ACCENT_COLOR_NAME = AccentColor;
				CODE_SIGN_STYLE = Automatic;
				CURRENT_PROJECT_VERSION = 1;
				DEVELOPMENT_TEAM = 3S952AGH46;
				GENERATE_INFOPLIST_FILE = YES;
				INFOPLIST_FILE = UAdivino/Info.plist;
				INFOPLIST_KEY_UIApplicationSupportsIndirectInputEvents = YES;
				INFOPLIST_KEY_UILaunchStoryboardName = LaunchScreen;
				INFOPLIST_KEY_UIMainStoryboardFile = Main;
				INFOPLIST_KEY_UISupportedInterfaceOrientations_iPad = "UIInterfaceOrientationPortrait UIInterfaceOrientationPortraitUpsideDown UIInterfaceOrientationLandscapeLeft UIInterfaceOrientationLandscapeRight";
				INFOPLIST_KEY_UISupportedInterfaceOrientations_iPhone = "UIInterfaceOrientationPortrait UIInterfaceOrientationLandscapeLeft UIInterfaceOrientationLandscapeRight";
				LD_RUNPATH_SEARCH_PATHS = (
					"$(inherited)",
					"@executable_path/Frameworks",
				);
				MARKETING_VERSION = 1.0;
				PRODUCT_BUNDLE_IDENTIFIER = UA.UAdivino;
				PRODUCT_NAME = "$(TARGET_NAME)";
				SWIFT_EMIT_LOC_STRINGS = YES;
				SWIFT_VERSION = 5.0;
				TARGETED_DEVICE_FAMILY = "1,2";
			};
			name = Release;
		};
/* End XCBuildConfiguration section */

/* Begin XCConfigurationList section */
		2799EA3427162BF8000E7743 /* Build configuration list for PBXProject "UAdivino" */ = {
			isa = XCConfigurationList;
			buildConfigurations = (
				2799EA4B27162BFB000E7743 /* Debug */,
				2799EA4C27162BFB000E7743 /* Release */,
			);
			defaultConfigurationIsVisible = 0;
			defaultConfigurationName = Release;
		};
		2799EA4D27162BFB000E7743 /* Build configuration list for PBXNativeTarget "UAdivino" */ = {
			isa = XCConfigurationList;
			buildConfigurations = (
				2799EA4E27162BFB000E7743 /* Debug */,
				2799EA4F27162BFB000E7743 /* Release */,
			);
			defaultConfigurationIsVisible = 0;
			defaultConfigurationName = Release;
		};
/* End XCConfigurationList section */
	};
	rootObject = 2799EA3127162BF8000E7743 /* Project object */;
}
